
Microsoft Visual Studio Solution File, Format Version 12.00
# Visual Studio 15
VisualStudioVersion = 15.0.26124.0
MinimumVisualStudioVersion = 15.0.26124.0
Project("{2150E333-8FDC-42A3-9474-1A3956D46DE8}") = "quickstart", "quickstart", "{1C3A36DF-4B79-46ED-893E-1D41B02D747F}"
EndProject
Project("{FAE04EC0-301F-11D3-BF4B-00C04F79EFBC}") = "IdentityServer", "quickstart\IdentityServer\IdentityServer.csproj", "{F6FC04DA-37B4-427A-A13F-22AF25CDB275}"
EndProject
Project("{FAE04EC0-301F-11D3-BF4B-00C04F79EFBC}") = "Api", "quickstart\Api\Api.csproj", "{A25B311C-F9F8-4313-83CC-1FC044D84992}"
EndProject
Project("{FAE04EC0-301F-11D3-BF4B-00C04F79EFBC}") = "Client", "quickstart\Client\Client.csproj", "{7BF88070-F13F-4663-9400-A9C92364C6D2}"
EndProject
Project("{FAE04EC0-301F-11D3-BF4B-00C04F79EFBC}") = "MvcClient", "quickstart\MvcClient\MvcClient.csproj", "{7D9DB492-D84E-4491-B61E-FDA262D4120E}"
EndProject
Project("{FAE04EC0-301F-11D3-BF4B-00C04F79EFBC}") = "JavaScriptClient", "quickstart\JavaScriptClient\JavaScriptClient.csproj", "{A2299CB1-4E2D-4595-B08D-1776508AFADE}"
EndProject
Global
	GlobalSection(SolutionConfigurationPlatforms) = preSolution
		Debug|Any CPU = Debug|Any CPU
		Debug|x64 = Debug|x64
		Debug|x86 = Debug|x86
		Release|Any CPU = Release|Any CPU
		Release|x64 = Release|x64
		Release|x86 = Release|x86
	EndGlobalSection
	GlobalSection(SolutionProperties) = preSolution
		HideSolutionNode = FALSE
	EndGlobalSection
	GlobalSection(ProjectConfigurationPlatforms) = postSolution
		{F6FC04DA-37B4-427A-A13F-22AF25CDB275}.Debug|Any CPU.ActiveCfg = Debug|Any CPU
		{F6FC04DA-37B4-427A-A13F-22AF25CDB275}.Debug|Any CPU.Build.0 = Debug|Any CPU
		{F6FC04DA-37B4-427A-A13F-22AF25CDB275}.Debug|x64.ActiveCfg = Debug|Any CPU
		{F6FC04DA-37B4-427A-A13F-22AF25CDB275}.Debug|x64.Build.0 = Debug|Any CPU
		{F6FC04DA-37B4-427A-A13F-22AF25CDB275}.Debug|x86.ActiveCfg = Debug|Any CPU
		{F6FC04DA-37B4-427A-A13F-22AF25CDB275}.Debug|x86.Build.0 = Debug|Any CPU
		{F6FC04DA-37B4-427A-A13F-22AF25CDB275}.Release|Any CPU.ActiveCfg = Release|Any CPU
		{F6FC04DA-37B4-427A-A13F-22AF25CDB275}.Release|Any CPU.Build.0 = Release|Any CPU
		{F6FC04DA-37B4-427A-A13F-22AF25CDB275}.Release|x64.ActiveCfg = Release|Any CPU
		{F6FC04DA-37B4-427A-A13F-22AF25CDB275}.Release|x64.Build.0 = Release|Any CPU
		{F6FC04DA-37B4-427A-A13F-22AF25CDB275}.Release|x86.ActiveCfg = Release|Any CPU
		{F6FC04DA-37B4-427A-A13F-22AF25CDB275}.Release|x86.Build.0 = Release|Any CPU
		{A25B311C-F9F8-4313-83CC-1FC044D84992}.Debug|Any CPU.ActiveCfg = Debug|Any CPU
		{A25B311C-F9F8-4313-83CC-1FC044D84992}.Debug|Any CPU.Build.0 = Debug|Any CPU
		{A25B311C-F9F8-4313-83CC-1FC044D84992}.Debug|x64.ActiveCfg = Debug|Any CPU
		{A25B311C-F9F8-4313-83CC-1FC044D84992}.Debug|x64.Build.0 = Debug|Any CPU
		{A25B311C-F9F8-4313-83CC-1FC044D84992}.Debug|x86.ActiveCfg = Debug|Any CPU
		{A25B311C-F9F8-4313-83CC-1FC044D84992}.Debug|x86.Build.0 = Debug|Any CPU
		{A25B311C-F9F8-4313-83CC-1FC044D84992}.Release|Any CPU.ActiveCfg = Release|Any CPU
		{A25B311C-F9F8-4313-83CC-1FC044D84992}.Release|Any CPU.Build.0 = Release|Any CPU
		{A25B311C-F9F8-4313-83CC-1FC044D84992}.Release|x64.ActiveCfg = Release|Any CPU
		{A25B311C-F9F8-4313-83CC-1FC044D84992}.Release|x64.Build.0 = Release|Any CPU
		{A25B311C-F9F8-4313-83CC-1FC044D84992}.Release|x86.ActiveCfg = Release|Any CPU
		{A25B311C-F9F8-4313-83CC-1FC044D84992}.Release|x86.Build.0 = Release|Any CPU
		{7BF88070-F13F-4663-9400-A9C92364C6D2}.Debug|Any CPU.ActiveCfg = Debug|Any CPU
		{7BF88070-F13F-4663-9400-A9C92364C6D2}.Debug|Any CPU.Build.0 = Debug|Any CPU
		{7BF88070-F13F-4663-9400-A9C92364C6D2}.Debug|x64.ActiveCfg = Debug|Any CPU
		{7BF88070-F13F-4663-9400-A9C92364C6D2}.Debug|x64.Build.0 = Debug|Any CPU
		{7BF88070-F13F-4663-9400-A9C92364C6D2}.Debug|x86.ActiveCfg = Debug|Any CPU
		{7BF88070-F13F-4663-9400-A9C92364C6D2}.Debug|x86.Build.0 = Debug|Any CPU
		{7BF88070-F13F-4663-9400-A9C92364C6D2}.Release|Any CPU.ActiveCfg = Release|Any CPU
		{7BF88070-F13F-4663-9400-A9C92364C6D2}.Release|Any CPU.Build.0 = Release|Any CPU
		{7BF88070-F13F-4663-9400-A9C92364C6D2}.Release|x64.ActiveCfg = Release|Any CPU
		{7BF88070-F13F-4663-9400-A9C92364C6D2}.Release|x64.Build.0 = Release|Any CPU
		{7BF88070-F13F-4663-9400-A9C92364C6D2}.Release|x86.ActiveCfg = Release|Any CPU
		{7BF88070-F13F-4663-9400-A9C92364C6D2}.Release|x86.Build.0 = Release|Any CPU
		{7D9DB492-D84E-4491-B61E-FDA262D4120E}.Debug|Any CPU.ActiveCfg = Debug|Any CPU
		{7D9DB492-D84E-4491-B61E-FDA262D4120E}.Debug|Any CPU.Build.0 = Debug|Any CPU
		{7D9DB492-D84E-4491-B61E-FDA262D4120E}.Debug|x64.ActiveCfg = Debug|Any CPU
		{7D9DB492-D84E-4491-B61E-FDA262D4120E}.Debug|x64.Build.0 = Debug|Any CPU
		{7D9DB492-D84E-4491-B61E-FDA262D4120E}.Debug|x86.ActiveCfg = Debug|Any CPU
		{7D9DB492-D84E-4491-B61E-FDA262D4120E}.Debug|x86.Build.0 = Debug|Any CPU
		{7D9DB492-D84E-4491-B61E-FDA262D4120E}.Release|Any CPU.ActiveCfg = Release|Any CPU
		{7D9DB492-D84E-4491-B61E-FDA262D4120E}.Release|Any CPU.Build.0 = Release|Any CPU
		{7D9DB492-D84E-4491-B61E-FDA262D4120E}.Release|x64.ActiveCfg = Release|Any CPU
		{7D9DB492-D84E-4491-B61E-FDA262D4120E}.Release|x64.Build.0 = Release|Any CPU
		{7D9DB492-D84E-4491-B61E-FDA262D4120E}.Release|x86.ActiveCfg = Release|Any CPU
		{7D9DB492-D84E-4491-B61E-FDA262D4120E}.Release|x86.Build.0 = Release|Any CPU
		{A2299CB1-4E2D-4595-B08D-1776508AFADE}.Debug|Any CPU.ActiveCfg = Debug|Any CPU
		{A2299CB1-4E2D-4595-B08D-1776508AFADE}.Debug|Any CPU.Build.0 = Debug|Any CPU
		{A2299CB1-4E2D-4595-B08D-1776508AFADE}.Debug|x64.ActiveCfg = Debug|Any CPU
		{A2299CB1-4E2D-4595-B08D-1776508AFADE}.Debug|x64.Build.0 = Debug|Any CPU
		{A2299CB1-4E2D-4595-B08D-1776508AFADE}.Debug|x86.ActiveCfg = Debug|Any CPU
		{A2299CB1-4E2D-4595-B08D-1776508AFADE}.Debug|x86.Build.0 = Debug|Any CPU
		{A2299CB1-4E2D-4595-B08D-1776508AFADE}.Release|Any CPU.ActiveCfg = Release|Any CPU
		{A2299CB1-4E2D-4595-B08D-1776508AFADE}.Release|Any CPU.Build.0 = Release|Any CPU
		{A2299CB1-4E2D-4595-B08D-1776508AFADE}.Release|x64.ActiveCfg = Release|Any CPU
		{A2299CB1-4E2D-4595-B08D-1776508AFADE}.Release|x64.Build.0 = Release|Any CPU
		{A2299CB1-4E2D-4595-B08D-1776508AFADE}.Release|x86.ActiveCfg = Release|Any CPU
		{A2299CB1-4E2D-4595-B08D-1776508AFADE}.Release|x86.Build.0 = Release|Any CPU
	EndGlobalSection
	GlobalSection(NestedProjects) = preSolution
		{F6FC04DA-37B4-427A-A13F-22AF25CDB275} = {1C3A36DF-4B79-46ED-893E-1D41B02D747F}
		{A25B311C-F9F8-4313-83CC-1FC044D84992} = {1C3A36DF-4B79-46ED-893E-1D41B02D747F}
		{7BF88070-F13F-4663-9400-A9C92364C6D2} = {1C3A36DF-4B79-46ED-893E-1D41B02D747F}
		{7D9DB492-D84E-4491-B61E-FDA262D4120E} = {1C3A36DF-4B79-46ED-893E-1D41B02D747F}
		{A2299CB1-4E2D-4595-B08D-1776508AFADE} = {1C3A36DF-4B79-46ED-893E-1D41B02D747F}
	EndGlobalSection
EndGlobal
